
Microsoft Visual Studio Solution File, Format Version 12.00
# Visual Studio Version 17
VisualStudioVersion = 17.3.32901.215
MinimumVisualStudioVersion = 10.0.40219.1
Project("{FAE04EC0-301F-11D3-BF4B-00C04F79EFBC}") = "RegistroDeClientes.WindowsForms", "RegistroDeClientes.WindowsForms\RegistroDeClientes.WindowsForms.csproj", "{F2593C96-AFE6-46AE-B7E8-B42E9A0757FC}"
EndProject
Global
	GlobalSection(SolutionConfigurationPlatforms) = preSolution
		Debug|Any CPU = Debug|Any CPU
		Release|Any CPU = Release|Any CPU
	EndGlobalSection
	GlobalSection(ProjectConfigurationPlatforms) = postSolution
		{F2593C96-AFE6-46AE-B7E8-B42E9A0757FC}.Debug|Any CPU.ActiveCfg = Debug|Any CPU
		{F2593C96-AFE6-46AE-B7E8-B42E9A0757FC}.Debug|Any CPU.Build.0 = Debug|Any CPU
		{F2593C96-AFE6-46AE-B7E8-B42E9A0757FC}.Release|Any CPU.ActiveCfg = Release|Any CPU
		{F2593C96-AFE6-46AE-B7E8-B42E9A0757FC}.Release|Any CPU.Build.0 = Release|Any CPU
	EndGlobalSection
	GlobalSection(SolutionProperties) = preSolution
		HideSolutionNode = FALSE
	EndGlobalSection
	GlobalSection(ExtensibilityGlobals) = postSolution
		SolutionGuid = {A71327AF-0084-48CE-995D-A35115233FB1}
	EndGlobalSection
EndGlobal
